{
  "name": "node-recurly",
  "version": "2.1.0",
  "lockfileVersion": 1,
  "requires": true,
  "dependencies": {
    "bindings": {
      "version": "1.2.1",
      "resolved": "https://registry.npmjs.org/bindings/-/bindings-1.2.1.tgz",
      "integrity": "sha1-FK1hE4EtLTfXLme0ystLtyZQXxE="
    },
    "js2xml": {
      "version": "git://github.com/SocialBro/js2xml.git#07fca5fdc89f518030ca4026d5bc0e6674805fe7",
      "requires": {
        "libxmljs": "0.18.0"
      }
    },
    "libxmljs": {
      "version": "0.18.0",
      "resolved": "https://registry.npmjs.org/libxmljs/-/libxmljs-0.18.0.tgz",
      "integrity": "sha1-4pk9zyjk3GDnNIbi22Il3CTRhTE=",
      "requires": {
        "bindings": "1.2.1",
        "nan": "2.3.2"
      }
    },
    "nan": {
      "version": "2.3.2",
      "resolved": "https://registry.npmjs.org/nan/-/nan-2.3.2.tgz",
      "integrity": "sha1-TU7PF+HaTpie+08nPY0AIBytCH4="
    },
    "sax": {
      "version": "1.2.4",
      "resolved": "https://registry.npmjs.org/sax/-/sax-1.2.4.tgz",
      "integrity": "sha512-NqVDv9TpANUjFm0N8uM5GxL36UgKi9/atZw+x7YFnQ8ckwFGKrl4xX4yWtrey3UJm5nP1kUbnYgLopqWNSRhWw=="
    },
    "xml2js": {
      "version": "0.4.18",
      "resolved": "https://registry.npmjs.org/xml2js/-/xml2js-0.4.18.tgz",
      "integrity": "sha512-MMUtkwryoXmYoFUBT32tf7vYPHr98h6VtRLVbsjfmS5hqpp/deRMUNLZNQUHEAY4ChwyBEkisDYhH/EP15X6oA==",
      "requires": {
        "sax": "1.2.4",
        "xmlbuilder": "9.0.4"
      }
    },
    "xmlbuilder": {
      "version": "9.0.4",
      "resolved": "https://registry.npmjs.org/xmlbuilder/-/xmlbuilder-9.0.4.tgz",
      "integrity": "sha1-UZy0ymhtAFqEINNJbz8MruzKWA8="
    }
  }
}
